
Microsoft Visual Studio Solution File, Format Version 12.00
# Visual Studio Version 16
VisualStudioVersion = 16.0.29709.97
MinimumVisualStudioVersion = 10.0.40219.1
Project("{FAE04EC0-301F-11D3-BF4B-00C04F79EFBC}") = "Teste_CRUD", "Teste_CRUD.csproj", "{E93A4FBF-A6C8-4334-835C-9D90B21C7A6A}"
EndProject
Global
	GlobalSection(SolutionConfigurationPlatforms) = preSolution
		Debug|Any CPU = Debug|Any CPU
		Release|Any CPU = Release|Any CPU
	EndGlobalSection
	GlobalSection(ProjectConfigurationPlatforms) = postSolution
		{E93A4FBF-A6C8-4334-835C-9D90B21C7A6A}.Debug|Any CPU.ActiveCfg = Debug|Any CPU
		{E93A4FBF-A6C8-4334-835C-9D90B21C7A6A}.Debug|Any CPU.Build.0 = Debug|Any CPU
		{E93A4FBF-A6C8-4334-835C-9D90B21C7A6A}.Release|Any CPU.ActiveCfg = Release|Any CPU
		{E93A4FBF-A6C8-4334-835C-9D90B21C7A6A}.Release|Any CPU.Build.0 = Release|Any CPU
	EndGlobalSection
	GlobalSection(SolutionProperties) = preSolution
		HideSolutionNode = FALSE
	EndGlobalSection
	GlobalSection(ExtensibilityGlobals) = postSolution
		SolutionGuid = {6DCC278C-7914-443A-8748-1219150E444E}
	EndGlobalSection
EndGlobal
